
Microsoft Visual Studio Solution File, Format Version 12.00
# Visual Studio Version 16
VisualStudioVersion = 16.0.30413.136
MinimumVisualStudioVersion = 10.0.40219.1
Project("{9A19103F-16F7-4668-BE54-9A1E7A4F7556}") = "Spectrogram Plus", "Spectrogram Plus.csproj", "{B51058A2-085E-4358-B38E-ECC3185DD399}"
EndProject
Global
	GlobalSection(SolutionConfigurationPlatforms) = preSolution
		Debug|Any CPU = Debug|Any CPU
		Release|Any CPU = Release|Any CPU
	EndGlobalSection
	GlobalSection(ProjectConfigurationPlatforms) = postSolution
		{B51058A2-085E-4358-B38E-ECC3185DD399}.Debug|Any CPU.ActiveCfg = Debug|Any CPU
		{B51058A2-085E-4358-B38E-ECC3185DD399}.Debug|Any CPU.Build.0 = Debug|Any CPU
		{B51058A2-085E-4358-B38E-ECC3185DD399}.Release|Any CPU.ActiveCfg = Release|Any CPU
		{B51058A2-085E-4358-B38E-ECC3185DD399}.Release|Any CPU.Build.0 = Release|Any CPU
	EndGlobalSection
	GlobalSection(SolutionProperties) = preSolution
		HideSolutionNode = FALSE
	EndGlobalSection
	GlobalSection(ExtensibilityGlobals) = postSolution
		SolutionGuid = {A5180ADB-E3EC-4DD2-8DE3-486CD7906961}
	EndGlobalSection
EndGlobal
